
Microsoft Visual Studio Solution File, Format Version 12.00
# Visual Studio Version 17
VisualStudioVersion = 17.3.32825.248
MinimumVisualStudioVersion = 10.0.40219.1
Project("{FAE04EC0-301F-11D3-BF4B-00C04F79EFBC}") = "FuckNewDots", "FuckNewDots\FuckNewDots.csproj", "{89709BE3-FC32-4F59-9285-4853041B8C10}"
EndProject
Global
	GlobalSection(SolutionConfigurationPlatforms) = preSolution
		Debug|Any CPU = Debug|Any CPU
		Release|Any CPU = Release|Any CPU
	EndGlobalSection
	GlobalSection(ProjectConfigurationPlatforms) = postSolution
		{89709BE3-FC32-4F59-9285-4853041B8C10}.Debug|Any CPU.ActiveCfg = Debug|Any CPU
		{89709BE3-FC32-4F59-9285-4853041B8C10}.Debug|Any CPU.Build.0 = Debug|Any CPU
		{89709BE3-FC32-4F59-9285-4853041B8C10}.Release|Any CPU.ActiveCfg = Release|Any CPU
		{89709BE3-FC32-4F59-9285-4853041B8C10}.Release|Any CPU.Build.0 = Release|Any CPU
	EndGlobalSection
	GlobalSection(SolutionProperties) = preSolution
		HideSolutionNode = FALSE
	EndGlobalSection
	GlobalSection(ExtensibilityGlobals) = postSolution
		SolutionGuid = {5A115857-1DFC-44B7-802F-FE74FD6BBB6C}
	EndGlobalSection
EndGlobal
